
Microsoft Visual Studio Solution File, Format Version 12.00
# Visual Studio Version 17
VisualStudioVersion = 17.2.32630.192
MinimumVisualStudioVersion = 10.0.40219.1
Project("{8BC9CEB8-8B4A-11D0-8D11-00A0C91BC942}") = "TP1", "TP1\TP1.vcxproj", "{293684FF-48C8-44B0-8E46-F92A5411439A}"
EndProject
Project("{8BC9CEB8-8B4A-11D0-8D11-00A0C91BC942}") = "TP2", "TP2\TP2_CPP.vcxproj", "{B582F789-56A4-4954-96F2-BB5CF87688B0}"
EndProject
Global
	GlobalSection(SolutionConfigurationPlatforms) = preSolution
		Debug|x64 = Debug|x64
		Debug|x86 = Debug|x86
		Release|x64 = Release|x64
		Release|x86 = Release|x86
	EndGlobalSection
	GlobalSection(ProjectConfigurationPlatforms) = postSolution
		{293684FF-48C8-44B0-8E46-F92A5411439A}.Debug|x64.ActiveCfg = Debug|x64
		{293684FF-48C8-44B0-8E46-F92A5411439A}.Debug|x64.Build.0 = Debug|x64
		{293684FF-48C8-44B0-8E46-F92A5411439A}.Debug|x86.ActiveCfg = Debug|Win32
		{293684FF-48C8-44B0-8E46-F92A5411439A}.Debug|x86.Build.0 = Debug|Win32
		{293684FF-48C8-44B0-8E46-F92A5411439A}.Release|x64.ActiveCfg = Release|x64
		{293684FF-48C8-44B0-8E46-F92A5411439A}.Release|x64.Build.0 = Release|x64
		{293684FF-48C8-44B0-8E46-F92A5411439A}.Release|x86.ActiveCfg = Release|Win32
		{293684FF-48C8-44B0-8E46-F92A5411439A}.Release|x86.Build.0 = Release|Win32
		{B582F789-56A4-4954-96F2-BB5CF87688B0}.Debug|x64.ActiveCfg = Debug|x64
		{B582F789-56A4-4954-96F2-BB5CF87688B0}.Debug|x64.Build.0 = Debug|x64
		{B582F789-56A4-4954-96F2-BB5CF87688B0}.Debug|x86.ActiveCfg = Debug|Win32
		{B582F789-56A4-4954-96F2-BB5CF87688B0}.Debug|x86.Build.0 = Debug|Win32
		{B582F789-56A4-4954-96F2-BB5CF87688B0}.Release|x64.ActiveCfg = Release|x64
		{B582F789-56A4-4954-96F2-BB5CF87688B0}.Release|x64.Build.0 = Release|x64
		{B582F789-56A4-4954-96F2-BB5CF87688B0}.Release|x86.ActiveCfg = Release|Win32
		{B582F789-56A4-4954-96F2-BB5CF87688B0}.Release|x86.Build.0 = Release|Win32
	EndGlobalSection
	GlobalSection(SolutionProperties) = preSolution
		HideSolutionNode = FALSE
	EndGlobalSection
	GlobalSection(ExtensibilityGlobals) = postSolution
		SolutionGuid = {6CB29CC0-912C-442A-9AF5-89A08D4F2E40}
	EndGlobalSection
EndGlobal
